
Microsoft Visual Studio Solution File, Format Version 12.00
Project("{FAE04EC0-301F-11D3-BF4B-00C04F79EFBC}") = "WISOMAPP", "WISOMAPP\WISOMAPP.csproj", "{41572463-649C-4510-B3E8-1B6C06165D9E}"
EndProject
Project("{FAE04EC0-301F-11D3-BF4B-00C04F79EFBC}") = "WISOMAPP.Application", "WISOMAPP.Application\WISOMAPP.Application.csproj", "{DD420F78-4EE2-4662-B481-EEF5361761BE}"
EndProject
Project("{FAE04EC0-301F-11D3-BF4B-00C04F79EFBC}") = "WISOMAPP.Domain", "WISOMAPP.Domain\WISOMAPP.Domain.csproj", "{4D1A0CEA-9906-4962-87FE-FB6771F71019}"
EndProject
Project("{FAE04EC0-301F-11D3-BF4B-00C04F79EFBC}") = "WISOMAPP.Infrastructure", "WISOMAPP.Infrastructure\WISOMAPP.Infrastructure.csproj", "{1A4DF972-7662-4172-B4F9-79A93144AEED}"
EndProject
Global
	GlobalSection(SolutionConfigurationPlatforms) = preSolution
		Debug|Any CPU = Debug|Any CPU
		Release|Any CPU = Release|Any CPU
	EndGlobalSection
	GlobalSection(ProjectConfigurationPlatforms) = postSolution
		{41572463-649C-4510-B3E8-1B6C06165D9E}.Debug|Any CPU.ActiveCfg = Debug|Any CPU
		{41572463-649C-4510-B3E8-1B6C06165D9E}.Debug|Any CPU.Build.0 = Debug|Any CPU
		{41572463-649C-4510-B3E8-1B6C06165D9E}.Release|Any CPU.ActiveCfg = Release|Any CPU
		{41572463-649C-4510-B3E8-1B6C06165D9E}.Release|Any CPU.Build.0 = Release|Any CPU
		{DD420F78-4EE2-4662-B481-EEF5361761BE}.Debug|Any CPU.ActiveCfg = Debug|Any CPU
		{DD420F78-4EE2-4662-B481-EEF5361761BE}.Debug|Any CPU.Build.0 = Debug|Any CPU
		{DD420F78-4EE2-4662-B481-EEF5361761BE}.Release|Any CPU.ActiveCfg = Release|Any CPU
		{DD420F78-4EE2-4662-B481-EEF5361761BE}.Release|Any CPU.Build.0 = Release|Any CPU
		{4D1A0CEA-9906-4962-87FE-FB6771F71019}.Debug|Any CPU.ActiveCfg = Debug|Any CPU
		{4D1A0CEA-9906-4962-87FE-FB6771F71019}.Debug|Any CPU.Build.0 = Debug|Any CPU
		{4D1A0CEA-9906-4962-87FE-FB6771F71019}.Release|Any CPU.ActiveCfg = Release|Any CPU
		{4D1A0CEA-9906-4962-87FE-FB6771F71019}.Release|Any CPU.Build.0 = Release|Any CPU
		{1A4DF972-7662-4172-B4F9-79A93144AEED}.Debug|Any CPU.ActiveCfg = Debug|Any CPU
		{1A4DF972-7662-4172-B4F9-79A93144AEED}.Debug|Any CPU.Build.0 = Debug|Any CPU
		{1A4DF972-7662-4172-B4F9-79A93144AEED}.Release|Any CPU.ActiveCfg = Release|Any CPU
		{1A4DF972-7662-4172-B4F9-79A93144AEED}.Release|Any CPU.Build.0 = Release|Any CPU
	EndGlobalSection
EndGlobal
