
Microsoft Visual Studio Solution File, Format Version 12.00
Project("{FAE04EC0-301F-11D3-BF4B-00C04F79EFBC}") = "WISOMAPP", "WISOMAPP\WISOMAPP.csproj", "{41572463-649C-4510-B3E8-1B6C06165D9E}"
EndProject
Project("{FAE04EC0-301F-11D3-BF4B-00C04F79EFBC}") = "WISOMAPP.Application", "WISOMAPP.Application\WISOMAPP.Application.csproj", "{B6526604-AA90-4723-A358-5B32154C5832}"
EndProject
Project("{FAE04EC0-301F-11D3-BF4B-00C04F79EFBC}") = "WISOMAPP.Domain", "WISOMAPP.Domain\WISOMAPP.Domain.csproj", "{BAC45067-6606-4C3E-AD27-7996A5B60E83}"
EndProject
Project("{FAE04EC0-301F-11D3-BF4B-00C04F79EFBC}") = "WISOMAPP.Infrastructure", "WISOMAPP.Infrastructure\WISOMAPP.Infrastructure.csproj", "{59E9B1F0-0092-4FE7-A043-B4397137A184}"
EndProject
Global
	GlobalSection(SolutionConfigurationPlatforms) = preSolution
		Debug|Any CPU = Debug|Any CPU
		Release|Any CPU = Release|Any CPU
	EndGlobalSection
	GlobalSection(ProjectConfigurationPlatforms) = postSolution
		{41572463-649C-4510-B3E8-1B6C06165D9E}.Debug|Any CPU.ActiveCfg = Debug|Any CPU
		{41572463-649C-4510-B3E8-1B6C06165D9E}.Debug|Any CPU.Build.0 = Debug|Any CPU
		{41572463-649C-4510-B3E8-1B6C06165D9E}.Release|Any CPU.ActiveCfg = Release|Any CPU
		{41572463-649C-4510-B3E8-1B6C06165D9E}.Release|Any CPU.Build.0 = Release|Any CPU
		{B6526604-AA90-4723-A358-5B32154C5832}.Debug|Any CPU.ActiveCfg = Debug|Any CPU
		{B6526604-AA90-4723-A358-5B32154C5832}.Debug|Any CPU.Build.0 = Debug|Any CPU
		{B6526604-AA90-4723-A358-5B32154C5832}.Release|Any CPU.ActiveCfg = Release|Any CPU
		{B6526604-AA90-4723-A358-5B32154C5832}.Release|Any CPU.Build.0 = Release|Any CPU
		{BAC45067-6606-4C3E-AD27-7996A5B60E83}.Debug|Any CPU.ActiveCfg = Debug|Any CPU
		{BAC45067-6606-4C3E-AD27-7996A5B60E83}.Debug|Any CPU.Build.0 = Debug|Any CPU
		{BAC45067-6606-4C3E-AD27-7996A5B60E83}.Release|Any CPU.ActiveCfg = Release|Any CPU
		{BAC45067-6606-4C3E-AD27-7996A5B60E83}.Release|Any CPU.Build.0 = Release|Any CPU
		{59E9B1F0-0092-4FE7-A043-B4397137A184}.Debug|Any CPU.ActiveCfg = Debug|Any CPU
		{59E9B1F0-0092-4FE7-A043-B4397137A184}.Debug|Any CPU.Build.0 = Debug|Any CPU
		{59E9B1F0-0092-4FE7-A043-B4397137A184}.Release|Any CPU.ActiveCfg = Release|Any CPU
		{59E9B1F0-0092-4FE7-A043-B4397137A184}.Release|Any CPU.Build.0 = Release|Any CPU
	EndGlobalSection
EndGlobal
